
Microsoft Visual Studio Solution File, Format Version 12.00
# Visual Studio Version 17
VisualStudioVersion = 17.0.31903.59
MinimumVisualStudioVersion = 10.0.40219.1
Project("{2150E333-8FDC-42A3-9474-1A3956D46DE8}") = "src", "src", "{827E0CD3-B72D-47B6-A68D-7590B98EB39B}"
EndProject
Project("{FAE04EC0-301F-11D3-BF4B-00C04F79EFBC}") = "Observer", "src\Observer\Observer.csproj", "{1270982A-DD28-4F6F-B313-B102AC524661}"
EndProject
Project("{FAE04EC0-301F-11D3-BF4B-00C04F79EFBC}") = "Observer.Tests", "tests\Observer.Tests\Observer.Tests.csproj", "{3CA4E527-8D09-4D1F-A023-4EA4D083E0EB}"
EndProject
Global
	GlobalSection(SolutionConfigurationPlatforms) = preSolution
		Debug|Any CPU = Debug|Any CPU
		Debug|x64 = Debug|x64
		Debug|x86 = Debug|x86
		Release|Any CPU = Release|Any CPU
		Release|x64 = Release|x64
		Release|x86 = Release|x86
	EndGlobalSection
	GlobalSection(ProjectConfigurationPlatforms) = postSolution
		{1270982A-DD28-4F6F-B313-B102AC524661}.Debug|Any CPU.ActiveCfg = Debug|Any CPU
		{1270982A-DD28-4F6F-B313-B102AC524661}.Debug|Any CPU.Build.0 = Debug|Any CPU
		{1270982A-DD28-4F6F-B313-B102AC524661}.Debug|x64.ActiveCfg = Debug|Any CPU
		{1270982A-DD28-4F6F-B313-B102AC524661}.Debug|x64.Build.0 = Debug|Any CPU
		{1270982A-DD28-4F6F-B313-B102AC524661}.Debug|x86.ActiveCfg = Debug|Any CPU
		{1270982A-DD28-4F6F-B313-B102AC524661}.Debug|x86.Build.0 = Debug|Any CPU
		{1270982A-DD28-4F6F-B313-B102AC524661}.Release|Any CPU.ActiveCfg = Release|Any CPU
		{1270982A-DD28-4F6F-B313-B102AC524661}.Release|Any CPU.Build.0 = Release|Any CPU
		{1270982A-DD28-4F6F-B313-B102AC524661}.Release|x64.ActiveCfg = Release|Any CPU
		{1270982A-DD28-4F6F-B313-B102AC524661}.Release|x64.Build.0 = Release|Any CPU
		{1270982A-DD28-4F6F-B313-B102AC524661}.Release|x86.ActiveCfg = Release|Any CPU
		{1270982A-DD28-4F6F-B313-B102AC524661}.Release|x86.Build.0 = Release|Any CPU
		{3CA4E527-8D09-4D1F-A023-4EA4D083E0EB}.Debug|Any CPU.ActiveCfg = Debug|Any CPU
		{3CA4E527-8D09-4D1F-A023-4EA4D083E0EB}.Debug|Any CPU.Build.0 = Debug|Any CPU
		{3CA4E527-8D09-4D1F-A023-4EA4D083E0EB}.Debug|x64.ActiveCfg = Debug|Any CPU
		{3CA4E527-8D09-4D1F-A023-4EA4D083E0EB}.Debug|x64.Build.0 = Debug|Any CPU
		{3CA4E527-8D09-4D1F-A023-4EA4D083E0EB}.Debug|x86.ActiveCfg = Debug|Any CPU
		{3CA4E527-8D09-4D1F-A023-4EA4D083E0EB}.Debug|x86.Build.0 = Debug|Any CPU
		{3CA4E527-8D09-4D1F-A023-4EA4D083E0EB}.Release|Any CPU.ActiveCfg = Release|Any CPU
		{3CA4E527-8D09-4D1F-A023-4EA4D083E0EB}.Release|Any CPU.Build.0 = Release|Any CPU
		{3CA4E527-8D09-4D1F-A023-4EA4D083E0EB}.Release|x64.ActiveCfg = Release|Any CPU
		{3CA4E527-8D09-4D1F-A023-4EA4D083E0EB}.Release|x64.Build.0 = Release|Any CPU
		{3CA4E527-8D09-4D1F-A023-4EA4D083E0EB}.Release|x86.ActiveCfg = Release|Any CPU
		{3CA4E527-8D09-4D1F-A023-4EA4D083E0EB}.Release|x86.Build.0 = Release|Any CPU
	EndGlobalSection
	GlobalSection(SolutionProperties) = preSolution
		HideSolutionNode = FALSE
	EndGlobalSection
	GlobalSection(NestedProjects) = preSolution
		{1270982A-DD28-4F6F-B313-B102AC524661} = {827E0CD3-B72D-47B6-A68D-7590B98EB39B}
		{3CA4E527-8D09-4D1F-A023-4EA4D083E0EB} = {827E0CD3-B72D-47B6-A68D-7590B98EB39B}
	EndGlobalSection
EndGlobal
